// !$*UTF8*$!
{
	archiveVersion = 1;
	classes = {
	};
	objectVersion = 50;
	objects = {

/* Begin PBXBuildFile section */
		0FBA848D77465EF27916F5BD /* Pods_NewsAppTests.framework in Frameworks */ = {isa = PBXBuildFile; fileRef = D5E028EDB770605A0BBAFA81 /* Pods_NewsAppTests.framework */; };
		426C931B42EA1F1B46B75EE4 /* Pods_NewsApp.framework in Frameworks */ = {isa = PBXBuildFile; fileRef = 2402D11183BAFE9319ABAC85 /* Pods_NewsApp.framework */; };
		C09127D10E93A0FD79A33275 /* Pods_NewsAppUITests.framework in Frameworks */ = {isa = PBXBuildFile; fileRef = 8B443415689B967EA36A0A83 /* Pods_NewsAppUITests.framework */; };
		EF446BA122F0ACE20041C5C8 /* AppDelegate.swift in Sources */ = {isa = PBXBuildFile; fileRef = EF446BA022F0ACE20041C5C8 /* AppDelegate.swift */; };
		EF446BA322F0ACE20041C5C8 /* SceneDelegate.swift in Sources */ = {isa = PBXBuildFile; fileRef = EF446BA222F0ACE20041C5C8 /* SceneDelegate.swift */; };
		EF446BA522F0ACE20041C5C8 /* ViewController.swift in Sources */ = {isa = PBXBuildFile; fileRef = EF446BA422F0ACE20041C5C8 /* ViewController.swift */; };
		EF446BA822F0ACE20041C5C8 /* Main.storyboard in Resources */ = {isa = PBXBuildFile; fileRef = EF446BA622F0ACE20041C5C8 /* Main.storyboard */; };
		EF446BAA22F0ACE40041C5C8 /* Assets.xcassets in Resources */ = {isa = PBXBuildFile; fileRef = EF446BA922F0ACE40041C5C8 /* Assets.xcassets */; };
		EF446BAD22F0ACE40041C5C8 /* LaunchScreen.storyboard in Resources */ = {isa = PBXBuildFile; fileRef = EF446BAB22F0ACE40041C5C8 /* LaunchScreen.storyboard */; };
		EF446BB822F0ACE40041C5C8 /* NewsAppTests.swift in Sources */ = {isa = PBXBuildFile; fileRef = EF446BB722F0ACE40041C5C8 /* NewsAppTests.swift */; };
		EF446BC322F0ACE40041C5C8 /* NewsAppUITests.swift in Sources */ = {isa = PBXBuildFile; fileRef = EF446BC222F0ACE40041C5C8 /* NewsAppUITests.swift */; };
		EF446BD722F0AE380041C5C8 /* NewsListCell.xib in Resources */ = {isa = PBXBuildFile; fileRef = EF446BD622F0AE380041C5C8 /* NewsListCell.xib */; };
		EF446BD922F0AE4B0041C5C8 /* NewsListCell.swift in Sources */ = {isa = PBXBuildFile; fileRef = EF446BD822F0AE4B0041C5C8 /* NewsListCell.swift */; };
		EF6ADB1722F35CC500F35FF7 /* NetworkConstants.swift in Sources */ = {isa = PBXBuildFile; fileRef = EF6ADB1622F35CC500F35FF7 /* NetworkConstants.swift */; };
		EF6ADB1922F35E7B00F35FF7 /* Router.swift in Sources */ = {isa = PBXBuildFile; fileRef = EF6ADB1822F35E7B00F35FF7 /* Router.swift */; };
/* End PBXBuildFile section */

/* Begin PBXContainerItemProxy section */
		EF446BB422F0ACE40041C5C8 /* PBXContainerItemProxy */ = {
			isa = PBXContainerItemProxy;
			containerPortal = EF446B9522F0ACE20041C5C8 /* Project object */;
			proxyType = 1;
			remoteGlobalIDString = EF446B9C22F0ACE20041C5C8;
			remoteInfo = NewsApp;
		};
		EF446BBF22F0ACE40041C5C8 /* PBXContainerItemProxy */ = {
			isa = PBXContainerItemProxy;
			containerPortal = EF446B9522F0ACE20041C5C8 /* Project object */;
			proxyType = 1;
			remoteGlobalIDString = EF446B9C22F0ACE20041C5C8;
			remoteInfo = NewsApp;
		};
/* End PBXContainerItemProxy section */

/* Begin PBXFileReference section */
		23E35420DC20C491A00767F4 /* Pods-NewsApp.release.xcconfig */ = {isa = PBXFileReference; includeInIndex = 1; lastKnownFileType = text.xcconfig; name = "Pods-NewsApp.release.xcconfig"; path = "Pods/Target Support Files/Pods-NewsApp/Pods-NewsApp.release.xcconfig"; sourceTree = "<group>"; };
		2402D11183BAFE9319ABAC85 /* Pods_NewsApp.framework */ = {isa = PBXFileReference; explicitFileType = wrapper.framework; includeInIndex = 0; path = Pods_NewsApp.framework; sourceTree = BUILT_PRODUCTS_DIR; };
		521559F8B5741C1A06E42C12 /* Pods-NewsAppUITests.debug.xcconfig */ = {isa = PBXFileReference; includeInIndex = 1; lastKnownFileType = text.xcconfig; name = "Pods-NewsAppUITests.debug.xcconfig"; path = "Pods/Target Support Files/Pods-NewsAppUITests/Pods-NewsAppUITests.debug.xcconfig"; sourceTree = "<group>"; };
		8B443415689B967EA36A0A83 /* Pods_NewsAppUITests.framework */ = {isa = PBXFileReference; explicitFileType = wrapper.framework; includeInIndex = 0; path = Pods_NewsAppUITests.framework; sourceTree = BUILT_PRODUCTS_DIR; };
		900C4255E583AF7F4670CA45 /* Pods-NewsAppUITests.release.xcconfig */ = {isa = PBXFileReference; includeInIndex = 1; lastKnownFileType = text.xcconfig; name = "Pods-NewsAppUITests.release.xcconfig"; path = "Pods/Target Support Files/Pods-NewsAppUITests/Pods-NewsAppUITests.release.xcconfig"; sourceTree = "<group>"; };
		D5E028EDB770605A0BBAFA81 /* Pods_NewsAppTests.framework */ = {isa = PBXFileReference; explicitFileType = wrapper.framework; includeInIndex = 0; path = Pods_NewsAppTests.framework; sourceTree = BUILT_PRODUCTS_DIR; };
		D900B3D5C8B1304A5AC01D01 /* Pods-NewsAppTests.release.xcconfig */ = {isa = PBXFileReference; includeInIndex = 1; lastKnownFileType = text.xcconfig; name = "Pods-NewsAppTests.release.xcconfig"; path = "Pods/Target Support Files/Pods-NewsAppTests/Pods-NewsAppTests.release.xcconfig"; sourceTree = "<group>"; };
		D993DDDEC4A95DB1B685C423 /* Pods-NewsAppTests.debug.xcconfig */ = {isa = PBXFileReference; includeInIndex = 1; lastKnownFileType = text.xcconfig; name = "Pods-NewsAppTests.debug.xcconfig"; path = "Pods/Target Support Files/Pods-NewsAppTests/Pods-NewsAppTests.debug.xcconfig"; sourceTree = "<group>"; };
		DA7550C30647981BAF3ECF16 /* Pods-NewsApp.debug.xcconfig */ = {isa = PBXFileReference; includeInIndex = 1; lastKnownFileType = text.xcconfig; name = "Pods-NewsApp.debug.xcconfig"; path = "Pods/Target Support Files/Pods-NewsApp/Pods-NewsApp.debug.xcconfig"; sourceTree = "<group>"; };
		EF446B9D22F0ACE20041C5C8 /* NewsApp.app */ = {isa = PBXFileReference; explicitFileType = wrapper.application; includeInIndex = 0; path = NewsApp.app; sourceTree = BUILT_PRODUCTS_DIR; };
		EF446BA022F0ACE20041C5C8 /* AppDelegate.swift */ = {isa = PBXFileReference; lastKnownFileType = sourcecode.swift; path = AppDelegate.swift; sourceTree = "<group>"; };
		EF446BA222F0ACE20041C5C8 /* SceneDelegate.swift */ = {isa = PBXFileReference; lastKnownFileType = sourcecode.swift; path = SceneDelegate.swift; sourceTree = "<group>"; };
		EF446BA422F0ACE20041C5C8 /* ViewController.swift */ = {isa = PBXFileReference; lastKnownFileType = sourcecode.swift; path = ViewController.swift; sourceTree = "<group>"; };
		EF446BA722F0ACE20041C5C8 /* Base */ = {isa = PBXFileReference; lastKnownFileType = file.storyboard; name = Base; path = Base.lproj/Main.storyboard; sourceTree = "<group>"; };
		EF446BA922F0ACE40041C5C8 /* Assets.xcassets */ = {isa = PBXFileReference; lastKnownFileType = folder.assetcatalog; path = Assets.xcassets; sourceTree = "<group>"; };
		EF446BAC22F0ACE40041C5C8 /* Base */ = {isa = PBXFileReference; lastKnownFileType = file.storyboard; name = Base; path = Base.lproj/LaunchScreen.storyboard; sourceTree = "<group>"; };
		EF446BAE22F0ACE40041C5C8 /* Info.plist */ = {isa = PBXFileReference; lastKnownFileType = text.plist.xml; path = Info.plist; sourceTree = "<group>"; };
		EF446BB322F0ACE40041C5C8 /* NewsAppTests.xctest */ = {isa = PBXFileReference; explicitFileType = wrapper.cfbundle; includeInIndex = 0; path = NewsAppTests.xctest; sourceTree = BUILT_PRODUCTS_DIR; };
		EF446BB722F0ACE40041C5C8 /* NewsAppTests.swift */ = {isa = PBXFileReference; lastKnownFileType = sourcecode.swift; path = NewsAppTests.swift; sourceTree = "<group>"; };
		EF446BB922F0ACE40041C5C8 /* Info.plist */ = {isa = PBXFileReference; lastKnownFileType = text.plist.xml; path = Info.plist; sourceTree = "<group>"; };
		EF446BBE22F0ACE40041C5C8 /* NewsAppUITests.xctest */ = {isa = PBXFileReference; explicitFileType = wrapper.cfbundle; includeInIndex = 0; path = NewsAppUITests.xctest; sourceTree = BUILT_PRODUCTS_DIR; };
		EF446BC222F0ACE40041C5C8 /* NewsAppUITests.swift */ = {isa = PBXFileReference; lastKnownFileType = sourcecode.swift; path = NewsAppUITests.swift; sourceTree = "<group>"; };
		EF446BC422F0ACE40041C5C8 /* Info.plist */ = {isa = PBXFileReference; lastKnownFileType = text.plist.xml; path = Info.plist; sourceTree = "<group>"; };
		EF446BD622F0AE380041C5C8 /* NewsListCell.xib */ = {isa = PBXFileReference; lastKnownFileType = file.xib; path = NewsListCell.xib; sourceTree = "<group>"; };
		EF446BD822F0AE4B0041C5C8 /* NewsListCell.swift */ = {isa = PBXFileReference; lastKnownFileType = sourcecode.swift; path = NewsListCell.swift; sourceTree = "<group>"; };
		EF6ADB1622F35CC500F35FF7 /* NetworkConstants.swift */ = {isa = PBXFileReference; lastKnownFileType = sourcecode.swift; path = NetworkConstants.swift; sourceTree = "<group>"; };
		EF6ADB1822F35E7B00F35FF7 /* Router.swift */ = {isa = PBXFileReference; lastKnownFileType = sourcecode.swift; path = Router.swift; sourceTree = "<group>"; };
/* End PBXFileReference section */

/* Begin PBXFrameworksBuildPhase section */
		EF446B9A22F0ACE20041C5C8 /* Frameworks */ = {
			isa = PBXFrameworksBuildPhase;
			buildActionMask = 2147483647;
			files = (
				426C931B42EA1F1B46B75EE4 /* Pods_NewsApp.framework in Frameworks */,
			);
			runOnlyForDeploymentPostprocessing = 0;
		};
		EF446BB022F0ACE40041C5C8 /* Frameworks */ = {
			isa = PBXFrameworksBuildPhase;
			buildActionMask = 2147483647;
			files = (
				0FBA848D77465EF27916F5BD /* Pods_NewsAppTests.framework in Frameworks */,
			);
			runOnlyForDeploymentPostprocessing = 0;
		};
		EF446BBB22F0ACE40041C5C8 /* Frameworks */ = {
			isa = PBXFrameworksBuildPhase;
			buildActionMask = 2147483647;
			files = (
				C09127D10E93A0FD79A33275 /* Pods_NewsAppUITests.framework in Frameworks */,
			);
			runOnlyForDeploymentPostprocessing = 0;
		};
/* End PBXFrameworksBuildPhase section */

/* Begin PBXGroup section */
		3DA458A1B8FF9E4BF5FEC3E7 /* Frameworks */ = {
			isa = PBXGroup;
			children = (
				2402D11183BAFE9319ABAC85 /* Pods_NewsApp.framework */,
				D5E028EDB770605A0BBAFA81 /* Pods_NewsAppTests.framework */,
				8B443415689B967EA36A0A83 /* Pods_NewsAppUITests.framework */,
			);
			name = Frameworks;
			sourceTree = "<group>";
		};
		8339DA3B1BB7D90540626842 /* Pods */ = {
			isa = PBXGroup;
			children = (
				DA7550C30647981BAF3ECF16 /* Pods-NewsApp.debug.xcconfig */,
				23E35420DC20C491A00767F4 /* Pods-NewsApp.release.xcconfig */,
				D993DDDEC4A95DB1B685C423 /* Pods-NewsAppTests.debug.xcconfig */,
				D900B3D5C8B1304A5AC01D01 /* Pods-NewsAppTests.release.xcconfig */,
				521559F8B5741C1A06E42C12 /* Pods-NewsAppUITests.debug.xcconfig */,
				900C4255E583AF7F4670CA45 /* Pods-NewsAppUITests.release.xcconfig */,
			);
			name = Pods;
			sourceTree = "<group>";
		};
		EF446B9422F0ACE10041C5C8 = {
			isa = PBXGroup;
			children = (
				EF446B9F22F0ACE20041C5C8 /* NewsApp */,
				EF446BB622F0ACE40041C5C8 /* NewsAppTests */,
				EF446BC122F0ACE40041C5C8 /* NewsAppUITests */,
				EF446B9E22F0ACE20041C5C8 /* Products */,
				8339DA3B1BB7D90540626842 /* Pods */,
				3DA458A1B8FF9E4BF5FEC3E7 /* Frameworks */,
			);
			sourceTree = "<group>";
		};
		EF446B9E22F0ACE20041C5C8 /* Products */ = {
			isa = PBXGroup;
			children = (
				EF446B9D22F0ACE20041C5C8 /* NewsApp.app */,
				EF446BB322F0ACE40041C5C8 /* NewsAppTests.xctest */,
				EF446BBE22F0ACE40041C5C8 /* NewsAppUITests.xctest */,
			);
			name = Products;
			sourceTree = "<group>";
		};
		EF446B9F22F0ACE20041C5C8 /* NewsApp */ = {
			isa = PBXGroup;
			children = (
				EF6ADB1522F35C8400F35FF7 /* Constants */,
				EF6ADB1222F35B5600F35FF7 /* Network */,
				EF446BD522F0AE030041C5C8 /* Custom Views */,
				EF446BD022F0ADBE0041C5C8 /* Modules */,
				EF446BA022F0ACE20041C5C8 /* AppDelegate.swift */,
				EF446BA222F0ACE20041C5C8 /* SceneDelegate.swift */,
				EF446BA422F0ACE20041C5C8 /* ViewController.swift */,
				EF446BA922F0ACE40041C5C8 /* Assets.xcassets */,
				EF446BAB22F0ACE40041C5C8 /* LaunchScreen.storyboard */,
				EF446BAE22F0ACE40041C5C8 /* Info.plist */,
			);
			path = NewsApp;
			sourceTree = "<group>";
		};
		EF446BB622F0ACE40041C5C8 /* NewsAppTests */ = {
			isa = PBXGroup;
			children = (
				EF446BB722F0ACE40041C5C8 /* NewsAppTests.swift */,
				EF446BB922F0ACE40041C5C8 /* Info.plist */,
			);
			path = NewsAppTests;
			sourceTree = "<group>";
		};
		EF446BC122F0ACE40041C5C8 /* NewsAppUITests */ = {
			isa = PBXGroup;
			children = (
				EF446BC222F0ACE40041C5C8 /* NewsAppUITests.swift */,
				EF446BC422F0ACE40041C5C8 /* Info.plist */,
			);
			path = NewsAppUITests;
			sourceTree = "<group>";
		};
		EF446BD022F0ADBE0041C5C8 /* Modules */ = {
			isa = PBXGroup;
			children = (
				EF446BD122F0ADC80041C5C8 /* Home */,
			);
			path = Modules;
			sourceTree = "<group>";
		};
		EF446BD122F0ADC80041C5C8 /* Home */ = {
			isa = PBXGroup;
			children = (
				EF446BD422F0ADE60041C5C8 /* ViewModel */,
				EF446BD322F0ADDD0041C5C8 /* View */,
				EF446BD222F0ADD40041C5C8 /* Model */,
			);
			path = Home;
			sourceTree = "<group>";
		};
		EF446BD222F0ADD40041C5C8 /* Model */ = {
			isa = PBXGroup;
			children = (
			);
			path = Model;
			sourceTree = "<group>";
		};
		EF446BD322F0ADDD0041C5C8 /* View */ = {
			isa = PBXGroup;
			children = (
				EF446BA622F0ACE20041C5C8 /* Main.storyboard */,
			);
			path = View;
			sourceTree = "<group>";
		};
		EF446BD422F0ADE60041C5C8 /* ViewModel */ = {
			isa = PBXGroup;
			children = (
			);
			path = ViewModel;
			sourceTree = "<group>";
		};
		EF446BD522F0AE030041C5C8 /* Custom Views */ = {
			isa = PBXGroup;
			children = (
				EF446BD622F0AE380041C5C8 /* NewsListCell.xib */,
				EF446BD822F0AE4B0041C5C8 /* NewsListCell.swift */,
			);
			path = "Custom Views";
			sourceTree = "<group>";
		};
		EF6ADB1222F35B5600F35FF7 /* Network */ = {
			isa = PBXGroup;
			children = (
				EF6ADB1822F35E7B00F35FF7 /* Router.swift */,
			);
			path = Network;
			sourceTree = "<group>";
		};
		EF6ADB1522F35C8400F35FF7 /* Constants */ = {
			isa = PBXGroup;
			children = (
				EF6ADB1622F35CC500F35FF7 /* NetworkConstants.swift */,
			);
			path = Constants;
			sourceTree = "<group>";
		};
/* End PBXGroup section */

/* Begin PBXNativeTarget section */
		EF446B9C22F0ACE20041C5C8 /* NewsApp */ = {
			isa = PBXNativeTarget;
			buildConfigurationList = EF446BC722F0ACE40041C5C8 /* Build configuration list for PBXNativeTarget "NewsApp" */;
			buildPhases = (
				B609142C22EABD47548EFE6C /* [CP] Check Pods Manifest.lock */,
				EF446B9922F0ACE20041C5C8 /* Sources */,
				EF446B9A22F0ACE20041C5C8 /* Frameworks */,
				EF446B9B22F0ACE20041C5C8 /* Resources */,
				027FD3D9B9DBEF40608B24F2 /* [CP] Embed Pods Frameworks */,
			);
			buildRules = (
			);
			dependencies = (
			);
			name = NewsApp;
			productName = NewsApp;
			productReference = EF446B9D22F0ACE20041C5C8 /* NewsApp.app */;
			productType = "com.apple.product-type.application";
		};
		EF446BB222F0ACE40041C5C8 /* NewsAppTests */ = {
			isa = PBXNativeTarget;
			buildConfigurationList = EF446BCA22F0ACE40041C5C8 /* Build configuration list for PBXNativeTarget "NewsAppTests" */;
			buildPhases = (
				18DFE782108D9E257D208B98 /* [CP] Check Pods Manifest.lock */,
				EF446BAF22F0ACE40041C5C8 /* Sources */,
				EF446BB022F0ACE40041C5C8 /* Frameworks */,
				EF446BB122F0ACE40041C5C8 /* Resources */,
			);
			buildRules = (
			);
			dependencies = (
				EF446BB522F0ACE40041C5C8 /* PBXTargetDependency */,
			);
			name = NewsAppTests;
			productName = NewsAppTests;
			productReference = EF446BB322F0ACE40041C5C8 /* NewsAppTests.xctest */;
			productType = "com.apple.product-type.bundle.unit-test";
		};
		EF446BBD22F0ACE40041C5C8 /* NewsAppUITests */ = {
			isa = PBXNativeTarget;
			buildConfigurationList = EF446BCD22F0ACE40041C5C8 /* Build configuration list for PBXNativeTarget "NewsAppUITests" */;
			buildPhases = (
				967261FAE76C833FF89C2966 /* [CP] Check Pods Manifest.lock */,
				EF446BBA22F0ACE40041C5C8 /* Sources */,
				EF446BBB22F0ACE40041C5C8 /* Frameworks */,
				EF446BBC22F0ACE40041C5C8 /* Resources */,
			);
			buildRules = (
			);
			dependencies = (
				EF446BC022F0ACE40041C5C8 /* PBXTargetDependency */,
			);
			name = NewsAppUITests;
			productName = NewsAppUITests;
			productReference = EF446BBE22F0ACE40041C5C8 /* NewsAppUITests.xctest */;
			productType = "com.apple.product-type.bundle.ui-testing";
		};
/* End PBXNativeTarget section */

/* Begin PBXProject section */
		EF446B9522F0ACE20041C5C8 /* Project object */ = {
			isa = PBXProject;
			attributes = {
				LastSwiftUpdateCheck = 1100;
				LastUpgradeCheck = 1100;
				ORGANIZATIONNAME = Toqa;
				TargetAttributes = {
					EF446B9C22F0ACE20041C5C8 = {
						CreatedOnToolsVersion = 11.0;
					};
					EF446BB222F0ACE40041C5C8 = {
						CreatedOnToolsVersion = 11.0;
						TestTargetID = EF446B9C22F0ACE20041C5C8;
					};
					EF446BBD22F0ACE40041C5C8 = {
						CreatedOnToolsVersion = 11.0;
						TestTargetID = EF446B9C22F0ACE20041C5C8;
					};
				};
			};
			buildConfigurationList = EF446B9822F0ACE20041C5C8 /* Build configuration list for PBXProject "NewsApp" */;
			compatibilityVersion = "Xcode 9.3";
			developmentRegion = en;
			hasScannedForEncodings = 0;
			knownRegions = (
				en,
				Base,
			);
			mainGroup = EF446B9422F0ACE10041C5C8;
			productRefGroup = EF446B9E22F0ACE20041C5C8 /* Products */;
			projectDirPath = "";
			projectRoot = "";
			targets = (
				EF446B9C22F0ACE20041C5C8 /* NewsApp */,
				EF446BB222F0ACE40041C5C8 /* NewsAppTests */,
				EF446BBD22F0ACE40041C5C8 /* NewsAppUITests */,
			);
		};
/* End PBXProject section */

/* Begin PBXResourcesBuildPhase section */
		EF446B9B22F0ACE20041C5C8 /* Resources */ = {
			isa = PBXResourcesBuildPhase;
			buildActionMask = 2147483647;
			files = (
				EF446BAD22F0ACE40041C5C8 /* LaunchScreen.storyboard in Resources */,
				EF446BAA22F0ACE40041C5C8 /* Assets.xcassets in Resources */,
				EF446BD722F0AE380041C5C8 /* NewsListCell.xib in Resources */,
				EF446BA822F0ACE20041C5C8 /* Main.storyboard in Resources */,
			);
			runOnlyForDeploymentPostprocessing = 0;
		};
		EF446BB122F0ACE40041C5C8 /* Resources */ = {
			isa = PBXResourcesBuildPhase;
			buildActionMask = 2147483647;
			files = (
			);
			runOnlyForDeploymentPostprocessing = 0;
		};
		EF446BBC22F0ACE40041C5C8 /* Resources */ = {
			isa = PBXResourcesBuildPhase;
			buildActionMask = 2147483647;
			files = (
			);
			runOnlyForDeploymentPostprocessing = 0;
		};
/* End PBXResourcesBuildPhase section */

/* Begin PBXShellScriptBuildPhase section */
		027FD3D9B9DBEF40608B24F2 /* [CP] Embed Pods Frameworks */ = {
			isa = PBXShellScriptBuildPhase;
			buildActionMask = 2147483647;
			files = (
			);
			inputFileListPaths = (
			);
			inputPaths = (
				"${SRCROOT}/Pods/Target Support Files/Pods-NewsApp/Pods-NewsApp-frameworks.sh",
				"${BUILT_PRODUCTS_DIR}/Alamofire/Alamofire.framework",
				"${BUILT_PRODUCTS_DIR}/ModelMapper/Mapper.framework",
				"${BUILT_PRODUCTS_DIR}/Moya/Moya.framework",
				"${BUILT_PRODUCTS_DIR}/Moya-ModelMapper/Moya_ModelMapper.framework",
				"${BUILT_PRODUCTS_DIR}/Moya-ObjectMapper/Moya_ObjectMapper.framework",
				"${BUILT_PRODUCTS_DIR}/NSObject+Rx/NSObject_Rx.framework",
				"${BUILT_PRODUCTS_DIR}/ObjectMapper/ObjectMapper.framework",
				"${BUILT_PRODUCTS_DIR}/Result/Result.framework",
				"${BUILT_PRODUCTS_DIR}/RxBlocking/RxBlocking.framework",
				"${BUILT_PRODUCTS_DIR}/RxCocoa/RxCocoa.framework",
				"${BUILT_PRODUCTS_DIR}/RxSwift/RxSwift.framework",
				"${BUILT_PRODUCTS_DIR}/RxWebKit/RxWebKit.framework",
				"${BUILT_PRODUCTS_DIR}/SDWebImage/SDWebImage.framework",
			);
			name = "[CP] Embed Pods Frameworks";
			outputFileListPaths = (
			);
			outputPaths = (
				"${TARGET_BUILD_DIR}/${FRAMEWORKS_FOLDER_PATH}/Alamofire.framework",
				"${TARGET_BUILD_DIR}/${FRAMEWORKS_FOLDER_PATH}/Mapper.framework",
				"${TARGET_BUILD_DIR}/${FRAMEWORKS_FOLDER_PATH}/Moya.framework",
				"${TARGET_BUILD_DIR}/${FRAMEWORKS_FOLDER_PATH}/Moya_ModelMapper.framework",
				"${TARGET_BUILD_DIR}/${FRAMEWORKS_FOLDER_PATH}/Moya_ObjectMapper.framework",
				"${TARGET_BUILD_DIR}/${FRAMEWORKS_FOLDER_PATH}/NSObject_Rx.framework",
				"${TARGET_BUILD_DIR}/${FRAMEWORKS_FOLDER_PATH}/ObjectMapper.framework",
				"${TARGET_BUILD_DIR}/${FRAMEWORKS_FOLDER_PATH}/Result.framework",
				"${TARGET_BUILD_DIR}/${FRAMEWORKS_FOLDER_PATH}/RxBlocking.framework",
				"${TARGET_BUILD_DIR}/${FRAMEWORKS_FOLDER_PATH}/RxCocoa.framework",
				"${TARGET_BUILD_DIR}/${FRAMEWORKS_FOLDER_PATH}/RxSwift.framework",
				"${TARGET_BUILD_DIR}/${FRAMEWORKS_FOLDER_PATH}/RxWebKit.framework",
				"${TARGET_BUILD_DIR}/${FRAMEWORKS_FOLDER_PATH}/SDWebImage.framework",
			);
			runOnlyForDeploymentPostprocessing = 0;
			shellPath = /bin/sh;
			shellScript = "\"${SRCROOT}/Pods/Target Support Files/Pods-NewsApp/Pods-NewsApp-frameworks.sh\"\n";
			showEnvVarsInLog = 0;
		};
		18DFE782108D9E257D208B98 /* [CP] Check Pods Manifest.lock */ = {
			isa = PBXShellScriptBuildPhase;
			buildActionMask = 2147483647;
			files = (
			);
			inputFileListPaths = (
			);
			inputPaths = (
				"${PODS_PODFILE_DIR_PATH}/Podfile.lock",
				"${PODS_ROOT}/Manifest.lock",
			);
			name = "[CP] Check Pods Manifest.lock";
			outputFileListPaths = (
			);
			outputPaths = (
				"$(DERIVED_FILE_DIR)/Pods-NewsAppTests-checkManifestLockResult.txt",
			);
			runOnlyForDeploymentPostprocessing = 0;
			shellPath = /bin/sh;
			shellScript = "diff \"${PODS_PODFILE_DIR_PATH}/Podfile.lock\" \"${PODS_ROOT}/Manifest.lock\" > /dev/null\nif [ $? != 0 ] ; then\n    # print error to STDERR\n    echo \"error: The sandbox is not in sync with the Podfile.lock. Run 'pod install' or update your CocoaPods installation.\" >&2\n    exit 1\nfi\n# This output is used by Xcode 'outputs' to avoid re-running this script phase.\necho \"SUCCESS\" > \"${SCRIPT_OUTPUT_FILE_0}\"\n";
			showEnvVarsInLog = 0;
		};
		967261FAE76C833FF89C2966 /* [CP] Check Pods Manifest.lock */ = {
			isa = PBXShellScriptBuildPhase;
			buildActionMask = 2147483647;
			files = (
			);
			inputFileListPaths = (
			);
			inputPaths = (
				"${PODS_PODFILE_DIR_PATH}/Podfile.lock",
				"${PODS_ROOT}/Manifest.lock",
			);
			name = "[CP] Check Pods Manifest.lock";
			outputFileListPaths = (
			);
			outputPaths = (
				"$(DERIVED_FILE_DIR)/Pods-NewsAppUITests-checkManifestLockResult.txt",
			);
			runOnlyForDeploymentPostprocessing = 0;
			shellPath = /bin/sh;
			shellScript = "diff \"${PODS_PODFILE_DIR_PATH}/Podfile.lock\" \"${PODS_ROOT}/Manifest.lock\" > /dev/null\nif [ $? != 0 ] ; then\n    # print error to STDERR\n    echo \"error: The sandbox is not in sync with the Podfile.lock. Run 'pod install' or update your CocoaPods installation.\" >&2\n    exit 1\nfi\n# This output is used by Xcode 'outputs' to avoid re-running this script phase.\necho \"SUCCESS\" > \"${SCRIPT_OUTPUT_FILE_0}\"\n";
			showEnvVarsInLog = 0;
		};
		B609142C22EABD47548EFE6C /* [CP] Check Pods Manifest.lock */ = {
			isa = PBXShellScriptBuildPhase;
			buildActionMask = 2147483647;
			files = (
			);
			inputFileListPaths = (
			);
			inputPaths = (
				"${PODS_PODFILE_DIR_PATH}/Podfile.lock",
				"${PODS_ROOT}/Manifest.lock",
			);
			name = "[CP] Check Pods Manifest.lock";
			outputFileListPaths = (
			);
			outputPaths = (
				"$(DERIVED_FILE_DIR)/Pods-NewsApp-checkManifestLockResult.txt",
			);
			runOnlyForDeploymentPostprocessing = 0;
			shellPath = /bin/sh;
			shellScript = "diff \"${PODS_PODFILE_DIR_PATH}/Podfile.lock\" \"${PODS_ROOT}/Manifest.lock\" > /dev/null\nif [ $? != 0 ] ; then\n    # print error to STDERR\n    echo \"error: The sandbox is not in sync with the Podfile.lock. Run 'pod install' or update your CocoaPods installation.\" >&2\n    exit 1\nfi\n# This output is used by Xcode 'outputs' to avoid re-running this script phase.\necho \"SUCCESS\" > \"${SCRIPT_OUTPUT_FILE_0}\"\n";
			showEnvVarsInLog = 0;
		};
/* End PBXShellScriptBuildPhase section */

/* Begin PBXSourcesBuildPhase section */
		EF446B9922F0ACE20041C5C8 /* Sources */ = {
			isa = PBXSourcesBuildPhase;
			buildActionMask = 2147483647;
			files = (
				EF6ADB1722F35CC500F35FF7 /* NetworkConstants.swift in Sources */,
				EF446BA522F0ACE20041C5C8 /* ViewController.swift in Sources */,
				EF446BA122F0ACE20041C5C8 /* AppDelegate.swift in Sources */,
				EF446BD922F0AE4B0041C5C8 /* NewsListCell.swift in Sources */,
				EF6ADB1922F35E7B00F35FF7 /* Router.swift in Sources */,
				EF446BA322F0ACE20041C5C8 /* SceneDelegate.swift in Sources */,
			);
			runOnlyForDeploymentPostprocessing = 0;
		};
		EF446BAF22F0ACE40041C5C8 /* Sources */ = {
			isa = PBXSourcesBuildPhase;
			buildActionMask = 2147483647;
			files = (
				EF446BB822F0ACE40041C5C8 /* NewsAppTests.swift in Sources */,
			);
			runOnlyForDeploymentPostprocessing = 0;
		};
		EF446BBA22F0ACE40041C5C8 /* Sources */ = {
			isa = PBXSourcesBuildPhase;
			buildActionMask = 2147483647;
			files = (
				EF446BC322F0ACE40041C5C8 /* NewsAppUITests.swift in Sources */,
			);
			runOnlyForDeploymentPostprocessing = 0;
		};
/* End PBXSourcesBuildPhase section */

/* Begin PBXTargetDependency section */
		EF446BB522F0ACE40041C5C8 /* PBXTargetDependency */ = {
			isa = PBXTargetDependency;
			target = EF446B9C22F0ACE20041C5C8 /* NewsApp */;
			targetProxy = EF446BB422F0ACE40041C5C8 /* PBXContainerItemProxy */;
		};
		EF446BC022F0ACE40041C5C8 /* PBXTargetDependency */ = {
			isa = PBXTargetDependency;
			target = EF446B9C22F0ACE20041C5C8 /* NewsApp */;
			targetProxy = EF446BBF22F0ACE40041C5C8 /* PBXContainerItemProxy */;
		};
/* End PBXTargetDependency section */

/* Begin PBXVariantGroup section */
		EF446BA622F0ACE20041C5C8 /* Main.storyboard */ = {
			isa = PBXVariantGroup;
			children = (
				EF446BA722F0ACE20041C5C8 /* Base */,
			);
			name = Main.storyboard;
			sourceTree = "<group>";
		};
		EF446BAB22F0ACE40041C5C8 /* LaunchScreen.storyboard */ = {
			isa = PBXVariantGroup;
			children = (
				EF446BAC22F0ACE40041C5C8 /* Base */,
			);
			name = LaunchScreen.storyboard;
			sourceTree = "<group>";
		};
/* End PBXVariantGroup section */

/* Begin XCBuildConfiguration section */
		EF446BC522F0ACE40041C5C8 /* Debug */ = {
			isa = XCBuildConfiguration;
			buildSettings = {
				ALWAYS_SEARCH_USER_PATHS = NO;
				CLANG_ANALYZER_NONNULL = YES;
				CLANG_ANALYZER_NUMBER_OBJECT_CONVERSION = YES_AGGRESSIVE;
				CLANG_CXX_LANGUAGE_STANDARD = "gnu++14";
				CLANG_CXX_LIBRARY = "libc++";
				CLANG_ENABLE_MODULES = YES;
				CLANG_ENABLE_OBJC_ARC = YES;
				CLANG_ENABLE_OBJC_WEAK = YES;
				CLANG_WARN_BLOCK_CAPTURE_AUTORELEASING = YES;
				CLANG_WARN_BOOL_CONVERSION = YES;
				CLANG_WARN_COMMA = YES;
				CLANG_WARN_CONSTANT_CONVERSION = YES;
				CLANG_WARN_DEPRECATED_OBJC_IMPLEMENTATIONS = YES;
				CLANG_WARN_DIRECT_OBJC_ISA_USAGE = YES_ERROR;
				CLANG_WARN_DOCUMENTATION_COMMENTS = YES;
				CLANG_WARN_EMPTY_BODY = YES;
				CLANG_WARN_ENUM_CONVERSION = YES;
				CLANG_WARN_INFINITE_RECURSION = YES;
				CLANG_WARN_INT_CONVERSION = YES;
				CLANG_WARN_NON_LITERAL_NULL_CONVERSION = YES;
				CLANG_WARN_OBJC_IMPLICIT_RETAIN_SELF = YES;
				CLANG_WARN_OBJC_LITERAL_CONVERSION = YES;
				CLANG_WARN_OBJC_ROOT_CLASS = YES_ERROR;
				CLANG_WARN_RANGE_LOOP_ANALYSIS = YES;
				CLANG_WARN_STRICT_PROTOTYPES = YES;
				CLANG_WARN_SUSPICIOUS_MOVE = YES;
				CLANG_WARN_UNGUARDED_AVAILABILITY = YES_AGGRESSIVE;
				CLANG_WARN_UNREACHABLE_CODE = YES;
				CLANG_WARN__DUPLICATE_METHOD_MATCH = YES;
				COPY_PHASE_STRIP = NO;
				DEBUG_INFORMATION_FORMAT = dwarf;
				ENABLE_STRICT_OBJC_MSGSEND = YES;
				ENABLE_TESTABILITY = YES;
				GCC_C_LANGUAGE_STANDARD = gnu11;
				GCC_DYNAMIC_NO_PIC = NO;
				GCC_NO_COMMON_BLOCKS = YES;
				GCC_OPTIMIZATION_LEVEL = 0;
				GCC_PREPROCESSOR_DEFINITIONS = (
					"DEBUG=1",
					"$(inherited)",
				);
				GCC_WARN_64_TO_32_BIT_CONVERSION = YES;
				GCC_WARN_ABOUT_RETURN_TYPE = YES_ERROR;
				GCC_WARN_UNDECLARED_SELECTOR = YES;
				GCC_WARN_UNINITIALIZED_AUTOS = YES_AGGRESSIVE;
				GCC_WARN_UNUSED_FUNCTION = YES;
				GCC_WARN_UNUSED_VARIABLE = YES;
				IPHONEOS_DEPLOYMENT_TARGET = 13.0;
				MTL_ENABLE_DEBUG_INFO = INCLUDE_SOURCE;
				MTL_FAST_MATH = YES;
				ONLY_ACTIVE_ARCH = YES;
				SDKROOT = iphoneos;
				SWIFT_ACTIVE_COMPILATION_CONDITIONS = DEBUG;
				SWIFT_OPTIMIZATION_LEVEL = "-Onone";
			};
			name = Debug;
		};
		EF446BC622F0ACE40041C5C8 /* Release */ = {
			isa = XCBuildConfiguration;
			buildSettings = {
				ALWAYS_SEARCH_USER_PATHS = NO;
				CLANG_ANALYZER_NONNULL = YES;
				CLANG_ANALYZER_NUMBER_OBJECT_CONVERSION = YES_AGGRESSIVE;
				CLANG_CXX_LANGUAGE_STANDARD = "gnu++14";
				CLANG_CXX_LIBRARY = "libc++";
				CLANG_ENABLE_MODULES = YES;
				CLANG_ENABLE_OBJC_ARC = YES;
				CLANG_ENABLE_OBJC_WEAK = YES;
				CLANG_WARN_BLOCK_CAPTURE_AUTORELEASING = YES;
				CLANG_WARN_BOOL_CONVERSION = YES;
				CLANG_WARN_COMMA = YES;
				CLANG_WARN_CONSTANT_CONVERSION = YES;
				CLANG_WARN_DEPRECATED_OBJC_IMPLEMENTATIONS = YES;
				CLANG_WARN_DIRECT_OBJC_ISA_USAGE = YES_ERROR;
				CLANG_WARN_DOCUMENTATION_COMMENTS = YES;
				CLANG_WARN_EMPTY_BODY = YES;
				CLANG_WARN_ENUM_CONVERSION = YES;
				CLANG_WARN_INFINITE_RECURSION = YES;
				CLANG_WARN_INT_CONVERSION = YES;
				CLANG_WARN_NON_LITERAL_NULL_CONVERSION = YES;
				CLANG_WARN_OBJC_IMPLICIT_RETAIN_SELF = YES;
				CLANG_WARN_OBJC_LITERAL_CONVERSION = YES;
				CLANG_WARN_OBJC_ROOT_CLASS = YES_ERROR;
				CLANG_WARN_RANGE_LOOP_ANALYSIS = YES;
				CLANG_WARN_STRICT_PROTOTYPES = YES;
				CLANG_WARN_SUSPICIOUS_MOVE = YES;
				CLANG_WARN_UNGUARDED_AVAILABILITY = YES_AGGRESSIVE;
				CLANG_WARN_UNREACHABLE_CODE = YES;
				CLANG_WARN__DUPLICATE_METHOD_MATCH = YES;
				COPY_PHASE_STRIP = NO;
				DEBUG_INFORMATION_FORMAT = "dwarf-with-dsym";
				ENABLE_NS_ASSERTIONS = NO;
				ENABLE_STRICT_OBJC_MSGSEND = YES;
				GCC_C_LANGUAGE_STANDARD = gnu11;
				GCC_NO_COMMON_BLOCKS = YES;
				GCC_WARN_64_TO_32_BIT_CONVERSION = YES;
				GCC_WARN_ABOUT_RETURN_TYPE = YES_ERROR;
				GCC_WARN_UNDECLARED_SELECTOR = YES;
				GCC_WARN_UNINITIALIZED_AUTOS = YES_AGGRESSIVE;
				GCC_WARN_UNUSED_FUNCTION = YES;
				GCC_WARN_UNUSED_VARIABLE = YES;
				IPHONEOS_DEPLOYMENT_TARGET = 13.0;
				MTL_ENABLE_DEBUG_INFO = NO;
				MTL_FAST_MATH = YES;
				SDKROOT = iphoneos;
				SWIFT_COMPILATION_MODE = wholemodule;
				SWIFT_OPTIMIZATION_LEVEL = "-O";
				VALIDATE_PRODUCT = YES;
			};
			name = Release;
		};
		EF446BC822F0ACE40041C5C8 /* Debug */ = {
			isa = XCBuildConfiguration;
			baseConfigurationReference = DA7550C30647981BAF3ECF16 /* Pods-NewsApp.debug.xcconfig */;
			buildSettings = {
				ASSETCATALOG_COMPILER_APPICON_NAME = AppIcon;
				CODE_SIGN_STYLE = Automatic;
				INFOPLIST_FILE = NewsApp/Info.plist;
				LD_RUNPATH_SEARCH_PATHS = (
					"$(inherited)",
					"@executable_path/Frameworks",
				);
				PRODUCT_BUNDLE_IDENTIFIER = toqa.toqa.NewsApp;
				PRODUCT_NAME = "$(TARGET_NAME)";
				SWIFT_VERSION = 5.0;
				TARGETED_DEVICE_FAMILY = "1,2";
			};
			name = Debug;
		};
		EF446BC922F0ACE40041C5C8 /* Release */ = {
			isa = XCBuildConfiguration;
			baseConfigurationReference = 23E35420DC20C491A00767F4 /* Pods-NewsApp.release.xcconfig */;
			buildSettings = {
				ASSETCATALOG_COMPILER_APPICON_NAME = AppIcon;
				CODE_SIGN_STYLE = Automatic;
				INFOPLIST_FILE = NewsApp/Info.plist;
				LD_RUNPATH_SEARCH_PATHS = (
					"$(inherited)",
					"@executable_path/Frameworks",
				);
				PRODUCT_BUNDLE_IDENTIFIER = toqa.toqa.NewsApp;
				PRODUCT_NAME = "$(TARGET_NAME)";
				SWIFT_VERSION = 5.0;
				TARGETED_DEVICE_FAMILY = "1,2";
			};
			name = Release;
		};
		EF446BCB22F0ACE40041C5C8 /* Debug */ = {
			isa = XCBuildConfiguration;
			baseConfigurationReference = D993DDDEC4A95DB1B685C423 /* Pods-NewsAppTests.debug.xcconfig */;
			buildSettings = {
				ALWAYS_EMBED_SWIFT_STANDARD_LIBRARIES = YES;
				BUNDLE_LOADER = "$(TEST_HOST)";
				CODE_SIGN_STYLE = Automatic;
				INFOPLIST_FILE = NewsAppTests/Info.plist;
				LD_RUNPATH_SEARCH_PATHS = (
					"$(inherited)",
					"@executable_path/Frameworks",
					"@loader_path/Frameworks",
				);
				PRODUCT_BUNDLE_IDENTIFIER = toqa.toqa.NewsAppTests;
				PRODUCT_NAME = "$(TARGET_NAME)";
				SWIFT_VERSION = 5.0;
				TARGETED_DEVICE_FAMILY = "1,2";
				TEST_HOST = "$(BUILT_PRODUCTS_DIR)/NewsApp.app/NewsApp";
			};
			name = Debug;
		};
		EF446BCC22F0ACE40041C5C8 /* Release */ = {
			isa = XCBuildConfiguration;
			baseConfigurationReference = D900B3D5C8B1304A5AC01D01 /* Pods-NewsAppTests.release.xcconfig */;
			buildSettings = {
				ALWAYS_EMBED_SWIFT_STANDARD_LIBRARIES = YES;
				BUNDLE_LOADER = "$(TEST_HOST)";
				CODE_SIGN_STYLE = Automatic;
				INFOPLIST_FILE = NewsAppTests/Info.plist;
				LD_RUNPATH_SEARCH_PATHS = (
					"$(inherited)",
					"@executable_path/Frameworks",
					"@loader_path/Frameworks",
				);
				PRODUCT_BUNDLE_IDENTIFIER = toqa.toqa.NewsAppTests;
				PRODUCT_NAME = "$(TARGET_NAME)";
				SWIFT_VERSION = 5.0;
				TARGETED_DEVICE_FAMILY = "1,2";
				TEST_HOST = "$(BUILT_PRODUCTS_DIR)/NewsApp.app/NewsApp";
			};
			name = Release;
		};
		EF446BCE22F0ACE40041C5C8 /* Debug */ = {
			isa = XCBuildConfiguration;
			baseConfigurationReference = 521559F8B5741C1A06E42C12 /* Pods-NewsAppUITests.debug.xcconfig */;
			buildSettings = {
				ALWAYS_EMBED_SWIFT_STANDARD_LIBRARIES = YES;
				CODE_SIGN_STYLE = Automatic;
				INFOPLIST_FILE = NewsAppUITests/Info.plist;
				LD_RUNPATH_SEARCH_PATHS = (
					"$(inherited)",
					"@executable_path/Frameworks",
					"@loader_path/Frameworks",
				);
				PRODUCT_BUNDLE_IDENTIFIER = toqa.toqa.NewsAppUITests;
				PRODUCT_NAME = "$(TARGET_NAME)";
				SWIFT_VERSION = 5.0;
				TARGETED_DEVICE_FAMILY = "1,2";
				TEST_TARGET_NAME = NewsApp;
			};
			name = Debug;
		};
		EF446BCF22F0ACE40041C5C8 /* Release */ = {
			isa = XCBuildConfiguration;
			baseConfigurationReference = 900C4255E583AF7F4670CA45 /* Pods-NewsAppUITests.release.xcconfig */;
			buildSettings = {
				ALWAYS_EMBED_SWIFT_STANDARD_LIBRARIES = YES;
				CODE_SIGN_STYLE = Automatic;
				INFOPLIST_FILE = NewsAppUITests/Info.plist;
				LD_RUNPATH_SEARCH_PATHS = (
					"$(inherited)",
					"@executable_path/Frameworks",
					"@loader_path/Frameworks",
				);
				PRODUCT_BUNDLE_IDENTIFIER = toqa.toqa.NewsAppUITests;
				PRODUCT_NAME = "$(TARGET_NAME)";
				SWIFT_VERSION = 5.0;
				TARGETED_DEVICE_FAMILY = "1,2";
				TEST_TARGET_NAME = NewsApp;
			};
			name = Release;
		};
/* End XCBuildConfiguration section */

/* Begin XCConfigurationList section */
		EF446B9822F0ACE20041C5C8 /* Build configuration list for PBXProject "NewsApp" */ = {
			isa = XCConfigurationList;
			buildConfigurations = (
				EF446BC522F0ACE40041C5C8 /* Debug */,
				EF446BC622F0ACE40041C5C8 /* Release */,
			);
			defaultConfigurationIsVisible = 0;
			defaultConfigurationName = Release;
		};
		EF446BC722F0ACE40041C5C8 /* Build configuration list for PBXNativeTarget "NewsApp" */ = {
			isa = XCConfigurationList;
			buildConfigurations = (
				EF446BC822F0ACE40041C5C8 /* Debug */,
				EF446BC922F0ACE40041C5C8 /* Release */,
			);
			defaultConfigurationIsVisible = 0;
			defaultConfigurationName = Release;
		};
		EF446BCA22F0ACE40041C5C8 /* Build configuration list for PBXNativeTarget "NewsAppTests" */ = {
			isa = XCConfigurationList;
			buildConfigurations = (
				EF446BCB22F0ACE40041C5C8 /* Debug */,
				EF446BCC22F0ACE40041C5C8 /* Release */,
			);
			defaultConfigurationIsVisible = 0;
			defaultConfigurationName = Release;
		};
		EF446BCD22F0ACE40041C5C8 /* Build configuration list for PBXNativeTarget "NewsAppUITests" */ = {
			isa = XCConfigurationList;
			buildConfigurations = (
				EF446BCE22F0ACE40041C5C8 /* Debug */,
				EF446BCF22F0ACE40041C5C8 /* Release */,
			);
			defaultConfigurationIsVisible = 0;
			defaultConfigurationName = Release;
		};
/* End XCConfigurationList section */
	};
	rootObject = EF446B9522F0ACE20041C5C8 /* Project object */;
}
